
Microsoft Visual Studio Solution File, Format Version 12.00
# Visual Studio Version 17
VisualStudioVersion = 17.11.35327.3
MinimumVisualStudioVersion = 10.0.40219.1
Project("{9A19103F-16F7-4668-BE54-9A1E7A4F7556}") = "todoWeb", "todoWeb\todoWeb.csproj", "{4784684C-D23B-4909-9263-2A290AD2CDFC}"
EndProject
Global
	GlobalSection(SolutionConfigurationPlatforms) = preSolution
		Debug|Any CPU = Debug|Any CPU
		Release|Any CPU = Release|Any CPU
	EndGlobalSection
	GlobalSection(ProjectConfigurationPlatforms) = postSolution
		{4784684C-D23B-4909-9263-2A290AD2CDFC}.Debug|Any CPU.ActiveCfg = Debug|Any CPU
		{4784684C-D23B-4909-9263-2A290AD2CDFC}.Debug|Any CPU.Build.0 = Debug|Any CPU
		{4784684C-D23B-4909-9263-2A290AD2CDFC}.Release|Any CPU.ActiveCfg = Release|Any CPU
		{4784684C-D23B-4909-9263-2A290AD2CDFC}.Release|Any CPU.Build.0 = Release|Any CPU
	EndGlobalSection
	GlobalSection(SolutionProperties) = preSolution
		HideSolutionNode = FALSE
	EndGlobalSection
	GlobalSection(ExtensibilityGlobals) = postSolution
		SolutionGuid = {D59067C0-25AD-43E5-ABA0-CD90CB201095}
	EndGlobalSection
EndGlobal
